
Microsoft Visual Studio Solution File, Format Version 12.00
# Visual Studio Version 17
VisualStudioVersion = 17.14.36327.8 d17.14
MinimumVisualStudioVersion = 10.0.40219.1
Project("{FAE04EC0-301F-11D3-BF4B-00C04F79EFBC}") = "auto-pots", "auto-pots\auto-pots.csproj", "{B0C18E3B-BE4C-425E-A6C2-F15692BC25E4}"
EndProject
Global
	GlobalSection(SolutionConfigurationPlatforms) = preSolution
		Debug|Any CPU = Debug|Any CPU
		Release|Any CPU = Release|Any CPU
	EndGlobalSection
	GlobalSection(ProjectConfigurationPlatforms) = postSolution
		{B0C18E3B-BE4C-425E-A6C2-F15692BC25E4}.Debug|Any CPU.ActiveCfg = Debug|Any CPU
		{B0C18E3B-BE4C-425E-A6C2-F15692BC25E4}.Debug|Any CPU.Build.0 = Debug|Any CPU
		{B0C18E3B-BE4C-425E-A6C2-F15692BC25E4}.Release|Any CPU.ActiveCfg = Release|Any CPU
		{B0C18E3B-BE4C-425E-A6C2-F15692BC25E4}.Release|Any CPU.Build.0 = Release|Any CPU
	EndGlobalSection
	GlobalSection(SolutionProperties) = preSolution
		HideSolutionNode = FALSE
	EndGlobalSection
	GlobalSection(ExtensibilityGlobals) = postSolution
		SolutionGuid = {513B75B4-B7F4-4BAB-BDE4-D448BA675DD4}
	EndGlobalSection
EndGlobal
